
Microsoft Visual Studio Solution File, Format Version 12.00
# Visual Studio Version 17
VisualStudioVersion = 17.4.33213.308
MinimumVisualStudioVersion = 10.0.40219.1
Project("{9A19103F-16F7-4668-BE54-9A1E7A4F7556}") = "Aixasz.OpenIddict.Server", "Aixasz.OpenIddict.Server\Aixasz.OpenIddict.Server.csproj", "{FDC5727D-22BB-4DC6-B2BE-6E7318798A97}"
EndProject
Global
	GlobalSection(SolutionConfigurationPlatforms) = preSolution
		Debug|Any CPU = Debug|Any CPU
		Release|Any CPU = Release|Any CPU
	EndGlobalSection
	GlobalSection(ProjectConfigurationPlatforms) = postSolution
		{FDC5727D-22BB-4DC6-B2BE-6E7318798A97}.Debug|Any CPU.ActiveCfg = Debug|Any CPU
		{FDC5727D-22BB-4DC6-B2BE-6E7318798A97}.Debug|Any CPU.Build.0 = Debug|Any CPU
		{FDC5727D-22BB-4DC6-B2BE-6E7318798A97}.Release|Any CPU.ActiveCfg = Release|Any CPU
		{FDC5727D-22BB-4DC6-B2BE-6E7318798A97}.Release|Any CPU.Build.0 = Release|Any CPU
	EndGlobalSection
	GlobalSection(SolutionProperties) = preSolution
		HideSolutionNode = FALSE
	EndGlobalSection
	GlobalSection(ExtensibilityGlobals) = postSolution
		SolutionGuid = {DA1A9534-E1E5-4371-935A-559E83E98E0F}
	EndGlobalSection
EndGlobal
